
Microsoft Visual Studio Solution File, Format Version 12.00
Project("{2150E333-8FDC-42A3-9474-1A3956D46DE8}") = "tests", "tests", "{7DEE1FC8-AB58-42F8-8808-879A535774F8}"
EndProject
Project("{2150E333-8FDC-42A3-9474-1A3956D46DE8}") = "src", "src", "{6E8D508E-1660-4966-A7B6-3E441B92C666}"
EndProject
Project("{FAE04EC0-301F-11D3-BF4B-00C04F79EFBC}") = "Web", "src\Web\Web.csproj", "{96FFE834-8BF4-488E-B5C8-BFC06B110CE6}"
EndProject
Project("{2150E333-8FDC-42A3-9474-1A3956D46DE8}") = "misc", "misc", "{0D84415B-CB4A-494D-9B6E-B81E2637D140}"
	ProjectSection(SolutionItems) = preProject
		.gitignore = .gitignore
		docs\ItemsAPI.txt = docs\ItemsAPI.txt
		src\Directory.Build.props = src\Directory.Build.props
		.editorconfig = .editorconfig
	EndProjectSection
EndProject
Project("{FAE04EC0-301F-11D3-BF4B-00C04F79EFBC}") = "Core", "src\Core\Core.csproj", "{4363CC1F-A033-44D2-805D-8821AA8381E6}"
EndProject
Project("{FAE04EC0-301F-11D3-BF4B-00C04F79EFBC}") = "Application", "src\Application\Application.csproj", "{6CE405D9-5BD3-49C3-AF6E-AAD453CA8379}"
EndProject
Project("{FAE04EC0-301F-11D3-BF4B-00C04F79EFBC}") = "Domain", "src\Domain\Domain.csproj", "{4ACAE973-71FD-4E14-B4C9-DAC1873854F6}"
EndProject
Project("{FAE04EC0-301F-11D3-BF4B-00C04F79EFBC}") = "Infrastructure", "src\Infrastructure\Infrastructure.csproj", "{9D06F9E1-2E5E-414B-A8E7-73B941D63FC5}"
EndProject
Project("{FAE04EC0-301F-11D3-BF4B-00C04F79EFBC}") = "UnitTests", "tests\UnitTests\UnitTests.csproj", "{F81F27DB-5073-43CC-8F58-A234E60CE3D2}"
EndProject
Project("{FAE04EC0-301F-11D3-BF4B-00C04F79EFBC}") = "IntegrationTests", "tests\IntegrationTests\IntegrationTests.csproj", "{09D123FC-6A08-4A7C-8110-14C9DE516F99}"
EndProject
Project("{FAE04EC0-301F-11D3-BF4B-00C04F79EFBC}") = "Generator", "src\Generator\Generator.csproj", "{631B186D-0499-4A71-8121-14DBB01FDD6B}"
EndProject
Project("{FAE04EC0-301F-11D3-BF4B-00C04F79EFBC}") = "FunctionalTests", "tests\FunctionalTests\FunctionalTests.csproj", "{8E8EEB6D-82FF-4671-9C9C-B66B061D608B}"
EndProject
Global
	GlobalSection(SolutionConfigurationPlatforms) = preSolution
		Debug|Any CPU = Debug|Any CPU
		Release|Any CPU = Release|Any CPU
	EndGlobalSection
	GlobalSection(ProjectConfigurationPlatforms) = postSolution
		{96FFE834-8BF4-488E-B5C8-BFC06B110CE6}.Debug|Any CPU.ActiveCfg = Debug|Any CPU
		{96FFE834-8BF4-488E-B5C8-BFC06B110CE6}.Debug|Any CPU.Build.0 = Debug|Any CPU
		{96FFE834-8BF4-488E-B5C8-BFC06B110CE6}.Release|Any CPU.ActiveCfg = Release|Any CPU
		{96FFE834-8BF4-488E-B5C8-BFC06B110CE6}.Release|Any CPU.Build.0 = Release|Any CPU
		{4363CC1F-A033-44D2-805D-8821AA8381E6}.Debug|Any CPU.ActiveCfg = Debug|Any CPU
		{4363CC1F-A033-44D2-805D-8821AA8381E6}.Debug|Any CPU.Build.0 = Debug|Any CPU
		{4363CC1F-A033-44D2-805D-8821AA8381E6}.Release|Any CPU.ActiveCfg = Release|Any CPU
		{4363CC1F-A033-44D2-805D-8821AA8381E6}.Release|Any CPU.Build.0 = Release|Any CPU
		{6CE405D9-5BD3-49C3-AF6E-AAD453CA8379}.Debug|Any CPU.ActiveCfg = Debug|Any CPU
		{6CE405D9-5BD3-49C3-AF6E-AAD453CA8379}.Debug|Any CPU.Build.0 = Debug|Any CPU
		{6CE405D9-5BD3-49C3-AF6E-AAD453CA8379}.Release|Any CPU.ActiveCfg = Release|Any CPU
		{6CE405D9-5BD3-49C3-AF6E-AAD453CA8379}.Release|Any CPU.Build.0 = Release|Any CPU
		{4ACAE973-71FD-4E14-B4C9-DAC1873854F6}.Debug|Any CPU.ActiveCfg = Debug|Any CPU
		{4ACAE973-71FD-4E14-B4C9-DAC1873854F6}.Debug|Any CPU.Build.0 = Debug|Any CPU
		{4ACAE973-71FD-4E14-B4C9-DAC1873854F6}.Release|Any CPU.ActiveCfg = Release|Any CPU
		{4ACAE973-71FD-4E14-B4C9-DAC1873854F6}.Release|Any CPU.Build.0 = Release|Any CPU
		{9D06F9E1-2E5E-414B-A8E7-73B941D63FC5}.Debug|Any CPU.ActiveCfg = Debug|Any CPU
		{9D06F9E1-2E5E-414B-A8E7-73B941D63FC5}.Debug|Any CPU.Build.0 = Debug|Any CPU
		{9D06F9E1-2E5E-414B-A8E7-73B941D63FC5}.Release|Any CPU.ActiveCfg = Release|Any CPU
		{9D06F9E1-2E5E-414B-A8E7-73B941D63FC5}.Release|Any CPU.Build.0 = Release|Any CPU
		{F81F27DB-5073-43CC-8F58-A234E60CE3D2}.Debug|Any CPU.ActiveCfg = Debug|Any CPU
		{F81F27DB-5073-43CC-8F58-A234E60CE3D2}.Debug|Any CPU.Build.0 = Debug|Any CPU
		{F81F27DB-5073-43CC-8F58-A234E60CE3D2}.Release|Any CPU.ActiveCfg = Release|Any CPU
		{F81F27DB-5073-43CC-8F58-A234E60CE3D2}.Release|Any CPU.Build.0 = Release|Any CPU
		{09D123FC-6A08-4A7C-8110-14C9DE516F99}.Debug|Any CPU.ActiveCfg = Debug|Any CPU
		{09D123FC-6A08-4A7C-8110-14C9DE516F99}.Debug|Any CPU.Build.0 = Debug|Any CPU
		{09D123FC-6A08-4A7C-8110-14C9DE516F99}.Release|Any CPU.ActiveCfg = Release|Any CPU
		{09D123FC-6A08-4A7C-8110-14C9DE516F99}.Release|Any CPU.Build.0 = Release|Any CPU
		{631B186D-0499-4A71-8121-14DBB01FDD6B}.Debug|Any CPU.ActiveCfg = Debug|Any CPU
		{631B186D-0499-4A71-8121-14DBB01FDD6B}.Debug|Any CPU.Build.0 = Debug|Any CPU
		{631B186D-0499-4A71-8121-14DBB01FDD6B}.Release|Any CPU.ActiveCfg = Release|Any CPU
		{631B186D-0499-4A71-8121-14DBB01FDD6B}.Release|Any CPU.Build.0 = Release|Any CPU
		{8E8EEB6D-82FF-4671-9C9C-B66B061D608B}.Debug|Any CPU.ActiveCfg = Debug|Any CPU
		{8E8EEB6D-82FF-4671-9C9C-B66B061D608B}.Debug|Any CPU.Build.0 = Debug|Any CPU
		{8E8EEB6D-82FF-4671-9C9C-B66B061D608B}.Release|Any CPU.ActiveCfg = Release|Any CPU
		{8E8EEB6D-82FF-4671-9C9C-B66B061D608B}.Release|Any CPU.Build.0 = Release|Any CPU
	EndGlobalSection
	GlobalSection(NestedProjects) = preSolution
		{96FFE834-8BF4-488E-B5C8-BFC06B110CE6} = {6E8D508E-1660-4966-A7B6-3E441B92C666}
		{4363CC1F-A033-44D2-805D-8821AA8381E6} = {6E8D508E-1660-4966-A7B6-3E441B92C666}
		{6CE405D9-5BD3-49C3-AF6E-AAD453CA8379} = {6E8D508E-1660-4966-A7B6-3E441B92C666}
		{4ACAE973-71FD-4E14-B4C9-DAC1873854F6} = {6E8D508E-1660-4966-A7B6-3E441B92C666}
		{9D06F9E1-2E5E-414B-A8E7-73B941D63FC5} = {6E8D508E-1660-4966-A7B6-3E441B92C666}
		{F81F27DB-5073-43CC-8F58-A234E60CE3D2} = {7DEE1FC8-AB58-42F8-8808-879A535774F8}
		{09D123FC-6A08-4A7C-8110-14C9DE516F99} = {7DEE1FC8-AB58-42F8-8808-879A535774F8}
		{631B186D-0499-4A71-8121-14DBB01FDD6B} = {6E8D508E-1660-4966-A7B6-3E441B92C666}
		{8E8EEB6D-82FF-4671-9C9C-B66B061D608B} = {7DEE1FC8-AB58-42F8-8808-879A535774F8}
	EndGlobalSection
EndGlobal
